# THIS IS AN AUTOGENERATED FILE. DO NOT EDIT THIS FILE DIRECTLY.
# yarn lockfile v1


progressbar.js@^1.0.1:
  version "1.0.1"
  resolved "https://registry.yarnpkg.com/progressbar.js/-/progressbar.js-1.0.1.tgz#f7fbfc195240fe0bb32f6f7bdb2e7ff400ea71f9"
  integrity sha1-9/v8GVJA/guzL2972y5/9ADqcfk=
  dependencies:
    shifty "^1.5.2"

shifty@^1.5.2:
  version "1.5.4"
  resolved "https://registry.yarnpkg.com/shifty/-/shifty-1.5.4.tgz#d4362fc914dd280ddf6e522be408b21203208346"
  integrity sha1-1DYvyRTdKA3fblIr5AiyEgMgg0Y=
